
Microsoft Visual Studio Solution File, Format Version 12.00
# Visual Studio Version 16
VisualStudioVersion = 16.0.30717.126
MinimumVisualStudioVersion = 10.0.40219.1
Project("{FAE04EC0-301F-11D3-BF4B-00C04F79EFBC}") = "DonatelPizza", "WindowsFormsApp1\DonatelPizza.csproj", "{5BECACED-AA2D-402E-9835-AC5186014D16}"
EndProject
Global
	GlobalSection(SolutionConfigurationPlatforms) = preSolution
		Debug|Any CPU = Debug|Any CPU
		Release|Any CPU = Release|Any CPU
	EndGlobalSection
	GlobalSection(ProjectConfigurationPlatforms) = postSolution
		{5BECACED-AA2D-402E-9835-AC5186014D16}.Debug|Any CPU.ActiveCfg = Debug|Any CPU
		{5BECACED-AA2D-402E-9835-AC5186014D16}.Debug|Any CPU.Build.0 = Debug|Any CPU
		{5BECACED-AA2D-402E-9835-AC5186014D16}.Release|Any CPU.ActiveCfg = Release|Any CPU
		{5BECACED-AA2D-402E-9835-AC5186014D16}.Release|Any CPU.Build.0 = Release|Any CPU
	EndGlobalSection
	GlobalSection(SolutionProperties) = preSolution
		HideSolutionNode = FALSE
	EndGlobalSection
	GlobalSection(ExtensibilityGlobals) = postSolution
		SolutionGuid = {E6A06F43-21C4-4AAC-9063-9536F8E11C24}
	EndGlobalSection
EndGlobal
